dependencies:
  espressif/cmake_utilities:
    component_hash: 
      351350613ceafba240b761b4ea991e0f231ac7a9f59a9ee901f751bddc0bb18f
    dependencies:
    - name: idf
      require: private
      version: '>=4.1'
    source:
      registry_url: https://components.espressif.com
      type: service
    version: 0.5.3
  espressif/esp_lcd_sh8601:
    component_hash: 
      e04af6e37397bd822cbf0df6b51fa29cb2ffabea7c61d789a890e2792c8bf646
    dependencies:
    - name: espressif/cmake_utilities
      registry_url: https://components.espressif.com
      require: private
      version: 0.*
    - name: idf
      require: private
      version: '>=5.3'
    source:
      registry_url: https://components.espressif.com/
      type: service
    version: 2.0.1
  espressif/mqtt:
    component_hash: 
      ffdad5659706b4dc14bc63f8eb73ef765efa015bf7e9adf71c813d52a2dc9342
    dependencies:
    - name: idf
      require: private
      version: '>=5.3'
    source:
      registry_url: https://components.espressif.com/
      type: service
    version: 1.0.0
  idf:
    source:
      type: idf
    version: 6.1.0
  lvgl:
    dependencies: []
    source:
      path: 
        /Users/Peter/Documents/Coding/esp32lvgl/esp32lvgl_demo/components/lvgl
      type: local
    version: 8.3.11
direct_dependencies:
- espressif/esp_lcd_sh8601
- espressif/mqtt
- idf
- lvgl/lvgl
manifest_hash: 620bbf9aeb79f1a204e5ce06106246f4e38b5e3fd8fa9c5b76077420c9a17577
target: esp32s3
version: 2.0.0
